
Microsoft Visual Studio Solution File, Format Version 12.00
# Visual Studio Version 17
VisualStudioVersion = 17.4.33205.214
MinimumVisualStudioVersion = 10.0.40219.1
Project("{FAE04EC0-301F-11D3-BF4B-00C04F79EFBC}") = "compiler", "compiler\compiler.csproj", "{A7B81D6C-D1CA-4592-9F29-921477DF079C}"
EndProject
Project("{FAE04EC0-301F-11D3-BF4B-00C04F79EFBC}") = "tests", "tests\tests.csproj", "{AD9B8FA8-9C78-41FF-B184-43B8BC70B8D7}"
EndProject
Global
	GlobalSection(SolutionConfigurationPlatforms) = preSolution
		Debug|Any CPU = Debug|Any CPU
		Release|Any CPU = Release|Any CPU
	EndGlobalSection
	GlobalSection(ProjectConfigurationPlatforms) = postSolution
		{A7B81D6C-D1CA-4592-9F29-921477DF079C}.Debug|Any CPU.ActiveCfg = Debug|Any CPU
		{A7B81D6C-D1CA-4592-9F29-921477DF079C}.Debug|Any CPU.Build.0 = Debug|Any CPU
		{A7B81D6C-D1CA-4592-9F29-921477DF079C}.Release|Any CPU.ActiveCfg = Release|Any CPU
		{A7B81D6C-D1CA-4592-9F29-921477DF079C}.Release|Any CPU.Build.0 = Release|Any CPU
		{AD9B8FA8-9C78-41FF-B184-43B8BC70B8D7}.Debug|Any CPU.ActiveCfg = Debug|Any CPU
		{AD9B8FA8-9C78-41FF-B184-43B8BC70B8D7}.Debug|Any CPU.Build.0 = Debug|Any CPU
		{AD9B8FA8-9C78-41FF-B184-43B8BC70B8D7}.Release|Any CPU.ActiveCfg = Release|Any CPU
		{AD9B8FA8-9C78-41FF-B184-43B8BC70B8D7}.Release|Any CPU.Build.0 = Release|Any CPU
	EndGlobalSection
	GlobalSection(SolutionProperties) = preSolution
		HideSolutionNode = FALSE
	EndGlobalSection
	GlobalSection(ExtensibilityGlobals) = postSolution
		SolutionGuid = {33E9D163-A1E5-4F90-8BCF-67AA3DE78793}
	EndGlobalSection
EndGlobal
